
Microsoft Visual Studio Solution File, Format Version 12.00
# Visual Studio Version 17
VisualStudioVersion = 17.6.33620.401
MinimumVisualStudioVersion = 10.0.40219.1
Project("{FAE04EC0-301F-11D3-BF4B-00C04F79EFBC}") = "LibExcelView", "LibExcelView\LibExcelView.csproj", "{8F30B676-E8AA-4F0C-8E86-C2EA49EEA8E2}"
EndProject
Project("{FAE04EC0-301F-11D3-BF4B-00C04F79EFBC}") = "Test", "Test\Test.csproj", "{5EE39A64-8C98-4259-B9F6-669A988E3402}"
EndProject
Global
	GlobalSection(SolutionConfigurationPlatforms) = preSolution
		Debug|Any CPU = Debug|Any CPU
		Release|Any CPU = Release|Any CPU
	EndGlobalSection
	GlobalSection(ProjectConfigurationPlatforms) = postSolution
		{8F30B676-E8AA-4F0C-8E86-C2EA49EEA8E2}.Debug|Any CPU.ActiveCfg = Debug|Any CPU
		{8F30B676-E8AA-4F0C-8E86-C2EA49EEA8E2}.Debug|Any CPU.Build.0 = Debug|Any CPU
		{8F30B676-E8AA-4F0C-8E86-C2EA49EEA8E2}.Release|Any CPU.ActiveCfg = Release|Any CPU
		{8F30B676-E8AA-4F0C-8E86-C2EA49EEA8E2}.Release|Any CPU.Build.0 = Release|Any CPU
		{5EE39A64-8C98-4259-B9F6-669A988E3402}.Debug|Any CPU.ActiveCfg = Debug|Any CPU
		{5EE39A64-8C98-4259-B9F6-669A988E3402}.Debug|Any CPU.Build.0 = Debug|Any CPU
		{5EE39A64-8C98-4259-B9F6-669A988E3402}.Release|Any CPU.ActiveCfg = Release|Any CPU
		{5EE39A64-8C98-4259-B9F6-669A988E3402}.Release|Any CPU.Build.0 = Release|Any CPU
	EndGlobalSection
	GlobalSection(SolutionProperties) = preSolution
		HideSolutionNode = FALSE
	EndGlobalSection
	GlobalSection(ExtensibilityGlobals) = postSolution
		SolutionGuid = {5785100B-7CE7-46F1-BB00-685EF976A65C}
	EndGlobalSection
EndGlobal
